// !$*UTF8*$!
{
	archiveVersion = 1;
	classes = {
	};
	objectVersion = 46;
	objects = {

/* Begin PBXBuildFile section */
		BEB92A7819B8A3DC00FEEEF7 /* Foundation.framework in Frameworks */ = {isa = PBXBuildFile; fileRef = BEB92A7719B8A3DC00FEEEF7 /* Foundation.framework */; };
		BEB92A7A19B8A3DC00FEEEF7 /* CoreGraphics.framework in Frameworks */ = {isa = PBXBuildFile; fileRef = BEB92A7919B8A3DC00FEEEF7 /* CoreGraphics.framework */; };
		BEB92A7C19B8A3DC00FEEEF7 /* UIKit.framework in Frameworks */ = {isa = PBXBuildFile; fileRef = BEB92A7B19B8A3DC00FEEEF7 /* UIKit.framework */; };
		BEB92A8219B8A3DC00FEEEF7 /* InfoPlist.strings in Resources */ = {isa = PBXBuildFile; fileRef = BEB92A8019B8A3DC00FEEEF7 /* InfoPlist.strings */; };
		BEB92A8419B8A3DC00FEEEF7 /* main.m in Sources */ = {isa = PBXBuildFile; fileRef = BEB92A8319B8A3DC00FEEEF7 /* main.m */; };
		BEB92A8819B8A3DC00FEEEF7 /* AppDelegate.m in Sources */ = {isa = PBXBuildFile; fileRef = BEB92A8719B8A3DC00FEEEF7 /* AppDelegate.m */; };
		BEB92A8A19B8A3DC00FEEEF7 /* Images.xcassets in Resources */ = {isa = PBXBuildFile; fileRef = BEB92A8919B8A3DC00FEEEF7 /* Images.xcassets */; };
		BEB92A9119B8A3DC00FEEEF7 /* XCTest.framework in Frameworks */ = {isa = PBXBuildFile; fileRef = BEB92A9019B8A3DC00FEEEF7 /* XCTest.framework */; };
		BEB92A9219B8A3DC00FEEEF7 /* Foundation.framework in Frameworks */ = {isa = PBXBuildFile; fileRef = BEB92A7719B8A3DC00FEEEF7 /* Foundation.framework */; };
		BEB92A9319B8A3DC00FEEEF7 /* UIKit.framework in Frameworks */ = {isa = PBXBuildFile; fileRef = BEB92A7B19B8A3DC00FEEEF7 /* UIKit.framework */; };
		BEB92A9B19B8A3DC00FEEEF7 /* InfoPlist.strings in Resources */ = {isa = PBXBuildFile; fileRef = BEB92A9919B8A3DC00FEEEF7 /* InfoPlist.strings */; };
		BEB92A9D19B8A3DC00FEEEF7 /* UINavigationControllerDemoTests.m in Sources */ = {isa = PBXBuildFile; fileRef = BEB92A9C19B8A3DC00FEEEF7 /* UINavigationControllerDemoTests.m */; };
		BEB92AA919B8A44800FEEEF7 /* RootViewController.m in Sources */ = {isa = PBXBuildFile; fileRef = BEB92AA719B8A44800FEEEF7 /* RootViewController.m */; };
		BEB92AAA19B8A44800FEEEF7 /* RootViewController.xib in Resources */ = {isa = PBXBuildFile; fileRef = BEB92AA819B8A44800FEEEF7 /* RootViewController.xib */; };
/* End PBXBuildFile section */

/* Begin PBXContainerItemProxy section */
		BEB92A9419B8A3DC00FEEEF7 /* PBXContainerItemProxy */ = {
			isa = PBXContainerItemProxy;
			containerPortal = BEB92A6C19B8A3DC00FEEEF7 /* Project object */;
			proxyType = 1;
			remoteGlobalIDString = BEB92A7319B8A3DC00FEEEF7;
			remoteInfo = UINavigationControllerDemo;
		};
/* End PBXContainerItemProxy section */

/* Begin PBXFileReference section */
		BEB92A7419B8A3DC00FEEEF7 /* UINavigationControllerDemo.app */ = {isa = PBXFileReference; explicitFileType = wrapper.application; includeInIndex = 0; path = UINavigationControllerDemo.app; sourceTree = BUILT_PRODUCTS_DIR; };
		BEB92A7719B8A3DC00FEEEF7 /* Foundation.framework */ = {isa = PBXFileReference; lastKnownFileType = wrapper.framework; name = Foundation.framework; path = System/Library/Frameworks/Foundation.framework; sourceTree = SDKROOT; };
		BEB92A7919B8A3DC00FEEEF7 /* CoreGraphics.framework */ = {isa = PBXFileReference; lastKnownFileType = wrapper.framework; name = CoreGraphics.framework; path = System/Library/Frameworks/CoreGraphics.framework; sourceTree = SDKROOT; };
		BEB92A7B19B8A3DC00FEEEF7 /* UIKit.framework */ = {isa = PBXFileReference; lastKnownFileType = wrapper.framework; name = UIKit.framework; path = System/Library/Frameworks/UIKit.framework; sourceTree = SDKROOT; };
		BEB92A7F19B8A3DC00FEEEF7 /* UINavigationControllerDemo-Info.plist */ = {isa = PBXFileReference; lastKnownFileType = text.plist.xml; path = "UINavigationControllerDemo-Info.plist"; sourceTree = "<group>"; };
		BEB92A8119B8A3DC00FEEEF7 /* en */ = {isa = PBXFileReference; lastKnownFileType = text.plist.strings; name = en; path = en.lproj/InfoPlist.strings; sourceTree = "<group>"; };
		BEB92A8319B8A3DC00FEEEF7 /* main.m */ = {isa = PBXFileReference; lastKnownFileType = sourcecode.c.objc; path = main.m; sourceTree = "<group>"; };
		BEB92A8519B8A3DC00FEEEF7 /* UINavigationControllerDemo-Prefix.pch */ = {isa = PBXFileReference; lastKnownFileType = sourcecode.c.h; path = "UINavigationControllerDemo-Prefix.pch"; sourceTree = "<group>"; };
		BEB92A8619B8A3DC00FEEEF7 /* AppDelegate.h */ = {isa = PBXFileReference; lastKnownFileType = sourcecode.c.h; path = AppDelegate.h; sourceTree = "<group>"; };
		BEB92A8719B8A3DC00FEEEF7 /* AppDelegate.m */ = {isa = PBXFileReference; lastKnownFileType = sourcecode.c.objc; path = AppDelegate.m; sourceTree = "<group>"; };
		BEB92A8919B8A3DC00FEEEF7 /* Images.xcassets */ = {isa = PBXFileReference; lastKnownFileType = folder.assetcatalog; path = Images.xcassets; sourceTree = "<group>"; };
		BEB92A8F19B8A3DC00FEEEF7 /* UINavigationControllerDemoTests.xctest */ = {isa = PBXFileReference; explicitFileType = wrapper.cfbundle; includeInIndex = 0; path = UINavigationControllerDemoTests.xctest; sourceTree = BUILT_PRODUCTS_DIR; };
		BEB92A9019B8A3DC00FEEEF7 /* XCTest.framework */ = {isa = PBXFileReference; lastKnownFileType = wrapper.framework; name = XCTest.framework; path = Library/Frameworks/XCTest.framework; sourceTree = DEVELOPER_DIR; };
		BEB92A9819B8A3DC00FEEEF7 /* UINavigationControllerDemoTests-Info.plist */ = {isa = PBXFileReference; lastKnownFileType = text.plist.xml; path = "UINavigationControllerDemoTests-Info.plist"; sourceTree = "<group>"; };
		BEB92A9A19B8A3DC00FEEEF7 /* en */ = {isa = PBXFileReference; lastKnownFileType = text.plist.strings; name = en; path = en.lproj/InfoPlist.strings; sourceTree = "<group>"; };
		BEB92A9C19B8A3DC00FEEEF7 /* UINavigationControllerDemoTests.m */ = {isa = PBXFileReference; lastKnownFileType = sourcecode.c.objc; path = UINavigationControllerDemoTests.m; sourceTree = "<group>"; };
		BEB92AA619B8A44800FEEEF7 /* RootViewController.h */ = {isa = PBXFileReference; fileEncoding = 4; lastKnownFileType = sourcecode.c.h; path = RootViewController.h; sourceTree = "<group>"; };
		BEB92AA719B8A44800FEEEF7 /* RootViewController.m */ = {isa = PBXFileReference; fileEncoding = 4; lastKnownFileType = sourcecode.c.objc; path = RootViewController.m; sourceTree = "<group>"; };
		BEB92AA819B8A44800FEEEF7 /* RootViewController.xib */ = {isa = PBXFileReference; fileEncoding = 4; lastKnownFileType = file.xib; path = RootViewController.xib; sourceTree = "<group>"; };
/* End PBXFileReference section */

/* Begin PBXFrameworksBuildPhase section */
		BEB92A7119B8A3DC00FEEEF7 /* Frameworks */ = {
			isa = PBXFrameworksBuildPhase;
			buildActionMask = 2147483647;
			files = (
				BEB92A7A19B8A3DC00FEEEF7 /* CoreGraphics.framework in Frameworks */,
				BEB92A7C19B8A3DC00FEEEF7 /* UIKit.framework in Frameworks */,
				BEB92A7819B8A3DC00FEEEF7 /* Foundation.framework in Frameworks */,
			);
			runOnlyForDeploymentPostprocessing = 0;
		};
		BEB92A8C19B8A3DC00FEEEF7 /* Frameworks */ = {
			isa = PBXFrameworksBuildPhase;
			buildActionMask = 2147483647;
			files = (
				BEB92A9119B8A3DC00FEEEF7 /* XCTest.framework in Frameworks */,
				BEB92A9319B8A3DC00FEEEF7 /* UIKit.framework in Frameworks */,
				BEB92A9219B8A3DC00FEEEF7 /* Foundation.framework in Frameworks */,
			);
			runOnlyForDeploymentPostprocessing = 0;
		};
/* End PBXFrameworksBuildPhase section */

/* Begin PBXGroup section */
		BEB92A6B19B8A3DC00FEEEF7 = {
			isa = PBXGroup;
			children = (
				BEB92A7D19B8A3DC00FEEEF7 /* UINavigationControllerDemo */,
				BEB92A9619B8A3DC00FEEEF7 /* UINavigationControllerDemoTests */,
				BEB92A7619B8A3DC00FEEEF7 /* Frameworks */,
				BEB92A7519B8A3DC00FEEEF7 /* Products */,
			);
			sourceTree = "<group>";
		};
		BEB92A7519B8A3DC00FEEEF7 /* Products */ = {
			isa = PBXGroup;
			children = (
				BEB92A7419B8A3DC00FEEEF7 /* UINavigationControllerDemo.app */,
				BEB92A8F19B8A3DC00FEEEF7 /* UINavigationControllerDemoTests.xctest */,
			);
			name = Products;
			sourceTree = "<group>";
		};
		BEB92A7619B8A3DC00FEEEF7 /* Frameworks */ = {
			isa = PBXGroup;
			children = (
				BEB92A7719B8A3DC00FEEEF7 /* Foundation.framework */,
				BEB92A7919B8A3DC00FEEEF7 /* CoreGraphics.framework */,
				BEB92A7B19B8A3DC00FEEEF7 /* UIKit.framework */,
				BEB92A9019B8A3DC00FEEEF7 /* XCTest.framework */,
			);
			name = Frameworks;
			sourceTree = "<group>";
		};
		BEB92A7D19B8A3DC00FEEEF7 /* UINavigationControllerDemo */ = {
			isa = PBXGroup;
			children = (
				BEB92A8619B8A3DC00FEEEF7 /* AppDelegate.h */,
				BEB92A8719B8A3DC00FEEEF7 /* AppDelegate.m */,
				BEB92A8919B8A3DC00FEEEF7 /* Images.xcassets */,
				BEB92A7E19B8A3DC00FEEEF7 /* Supporting Files */,
				BEB92AA619B8A44800FEEEF7 /* RootViewController.h */,
				BEB92AA719B8A44800FEEEF7 /* RootViewController.m */,
				BEB92AA819B8A44800FEEEF7 /* RootViewController.xib */,
			);
			path = UINavigationControllerDemo;
			sourceTree = "<group>";
		};
		BEB92A7E19B8A3DC00FEEEF7 /* Supporting Files */ = {
			isa = PBXGroup;
			children = (
				BEB92A7F19B8A3DC00FEEEF7 /* UINavigationControllerDemo-Info.plist */,
				BEB92A8019B8A3DC00FEEEF7 /* InfoPlist.strings */,
				BEB92A8319B8A3DC00FEEEF7 /* main.m */,
				BEB92A8519B8A3DC00FEEEF7 /* UINavigationControllerDemo-Prefix.pch */,
			);
			name = "Supporting Files";
			sourceTree = "<group>";
		};
		BEB92A9619B8A3DC00FEEEF7 /* UINavigationControllerDemoTests */ = {
			isa = PBXGroup;
			children = (
				BEB92A9C19B8A3DC00FEEEF7 /* UINavigationControllerDemoTests.m */,
				BEB92A9719B8A3DC00FEEEF7 /* Supporting Files */,
			);
			path = UINavigationControllerDemoTests;
			sourceTree = "<group>";
		};
		BEB92A9719B8A3DC00FEEEF7 /* Supporting Files */ = {
			isa = PBXGroup;
			children = (
				BEB92A9819B8A3DC00FEEEF7 /* UINavigationControllerDemoTests-Info.plist */,
				BEB92A9919B8A3DC00FEEEF7 /* InfoPlist.strings */,
			);
			name = "Supporting Files";
			sourceTree = "<group>";
		};
/* End PBXGroup section */

/* Begin PBXNativeTarget section */
		BEB92A7319B8A3DC00FEEEF7 /* UINavigationControllerDemo */ = {
			isa = PBXNativeTarget;
			buildConfigurationList = BEB92AA019B8A3DC00FEEEF7 /* Build configuration list for PBXNativeTarget "UINavigationControllerDemo" */;
			buildPhases = (
				BEB92A7019B8A3DC00FEEEF7 /* Sources */,
				BEB92A7119B8A3DC00FEEEF7 /* Frameworks */,
				BEB92A7219B8A3DC00FEEEF7 /* Resources */,
			);
			buildRules = (
			);
			dependencies = (
			);
			name = UINavigationControllerDemo;
			productName = UINavigationControllerDemo;
			productReference = BEB92A7419B8A3DC00FEEEF7 /* UINavigationControllerDemo.app */;
			productType = "com.apple.product-type.application";
		};
		BEB92A8E19B8A3DC00FEEEF7 /* UINavigationControllerDemoTests */ = {
			isa = PBXNativeTarget;
			buildConfigurationList = BEB92AA319B8A3DC00FEEEF7 /* Build configuration list for PBXNativeTarget "UINavigationControllerDemoTests" */;
			buildPhases = (
				BEB92A8B19B8A3DC00FEEEF7 /* Sources */,
				BEB92A8C19B8A3DC00FEEEF7 /* Frameworks */,
				BEB92A8D19B8A3DC00FEEEF7 /* Resources */,
			);
			buildRules = (
			);
			dependencies = (
				BEB92A9519B8A3DC00FEEEF7 /* PBXTargetDependency */,
			);
			name = UINavigationControllerDemoTests;
			productName = UINavigationControllerDemoTests;
			productReference = BEB92A8F19B8A3DC00FEEEF7 /* UINavigationControllerDemoTests.xctest */;
			productType = "com.apple.product-type.bundle.unit-test";
		};
/* End PBXNativeTarget section */

/* Begin PBXProject section */
		BEB92A6C19B8A3DC00FEEEF7 /* Project object */ = {
			isa = PBXProject;
			attributes = {
				LastUpgradeCheck = 0510;
				ORGANIZATIONNAME = zju;
				TargetAttributes = {
					BEB92A8E19B8A3DC00FEEEF7 = {
						TestTargetID = BEB92A7319B8A3DC00FEEEF7;
					};
				};
			};
			buildConfigurationList = BEB92A6F19B8A3DC00FEEEF7 /* Build configuration list for PBXProject "UINavigationControllerDemo" */;
			compatibilityVersion = "Xcode 3.2";
			developmentRegion = English;
			hasScannedForEncodings = 0;
			knownRegions = (
				en,
			);
			mainGroup = BEB92A6B19B8A3DC00FEEEF7;
			productRefGroup = BEB92A7519B8A3DC00FEEEF7 /* Products */;
			projectDirPath = "";
			projectRoot = "";
			targets = (
				BEB92A7319B8A3DC00FEEEF7 /* UINavigationControllerDemo */,
				BEB92A8E19B8A3DC00FEEEF7 /* UINavigationControllerDemoTests */,
			);
		};
/* End PBXProject section */

/* Begin PBXResourcesBuildPhase section */
		BEB92A7219B8A3DC00FEEEF7 /* Resources */ = {
			isa = PBXResourcesBuildPhase;
			buildActionMask = 2147483647;
			files = (
				BEB92A8219B8A3DC00FEEEF7 /* InfoPlist.strings in Resources */,
				BEB92A8A19B8A3DC00FEEEF7 /* Images.xcassets in Resources */,
				BEB92AAA19B8A44800FEEEF7 /* RootViewController.xib in Resources */,
			);
			runOnlyForDeploymentPostprocessing = 0;
		};
		BEB92A8D19B8A3DC00FEEEF7 /* Resources */ = {
			isa = PBXResourcesBuildPhase;
			buildActionMask = 2147483647;
			files = (
				BEB92A9B19B8A3DC00FEEEF7 /* InfoPlist.strings in Resources */,
			);
			runOnlyForDeploymentPostprocessing = 0;
		};
/* End PBXResourcesBuildPhase section */

/* Begin PBXSourcesBuildPhase section */
		BEB92A7019B8A3DC00FEEEF7 /* Sources */ = {
			isa = PBXSourcesBuildPhase;
			buildActionMask = 2147483647;
			files = (
				BEB92A8819B8A3DC00FEEEF7 /* AppDelegate.m in Sources */,
				BEB92A8419B8A3DC00FEEEF7 /* main.m in Sources */,
				BEB92AA919B8A44800FEEEF7 /* RootViewController.m in Sources */,
			);
			runOnlyForDeploymentPostprocessing = 0;
		};
		BEB92A8B19B8A3DC00FEEEF7 /* Sources */ = {
			isa = PBXSourcesBuildPhase;
			buildActionMask = 2147483647;
			files = (
				BEB92A9D19B8A3DC00FEEEF7 /* UINavigationControllerDemoTests.m in Sources */,
			);
			runOnlyForDeploymentPostprocessing = 0;
		};
/* End PBXSourcesBuildPhase section */

/* Begin PBXTargetDependency section */
		BEB92A9519B8A3DC00FEEEF7 /* PBXTargetDependency */ = {
			isa = PBXTargetDependency;
			target = BEB92A7319B8A3DC00FEEEF7 /* UINavigationControllerDemo */;
			targetProxy = BEB92A9419B8A3DC00FEEEF7 /* PBXContainerItemProxy */;
		};
/* End PBXTargetDependency section */

/* Begin PBXVariantGroup section */
		BEB92A8019B8A3DC00FEEEF7 /* InfoPlist.strings */ = {
			isa = PBXVariantGroup;
			children = (
				BEB92A8119B8A3DC00FEEEF7 /* en */,
			);
			name = InfoPlist.strings;
			sourceTree = "<group>";
		};
		BEB92A9919B8A3DC00FEEEF7 /* InfoPlist.strings */ = {
			isa = PBXVariantGroup;
			children = (
				BEB92A9A19B8A3DC00FEEEF7 /* en */,
			);
			name = InfoPlist.strings;
			sourceTree = "<group>";
		};
/* End PBXVariantGroup section */

/* Begin XCBuildConfiguration section */
		BEB92A9E19B8A3DC00FEEEF7 /* Debug */ = {
			isa = XCBuildConfiguration;
			buildSettings = {
				ALWAYS_SEARCH_USER_PATHS = NO;
				CLANG_CXX_LANGUAGE_STANDARD = "gnu++0x";
				CLANG_CXX_LIBRARY = "libc++";
				CLANG_ENABLE_MODULES = YES;
				CLANG_ENABLE_OBJC_ARC = YES;
				CLANG_WARN_BOOL_CONVERSION = YES;
				CLANG_WARN_CONSTANT_CONVERSION = YES;
				CLANG_WARN_DIRECT_OBJC_ISA_USAGE = YES_ERROR;
				CLANG_WARN_EMPTY_BODY = YES;
				CLANG_WARN_ENUM_CONVERSION = YES;
				CLANG_WARN_INT_CONVERSION = YES;
				CLANG_WARN_OBJC_ROOT_CLASS = YES_ERROR;
				CLANG_WARN__DUPLICATE_METHOD_MATCH = YES;
				"CODE_SIGN_IDENTITY[sdk=iphoneos*]" = "iPhone Developer";
				COPY_PHASE_STRIP = NO;
				GCC_C_LANGUAGE_STANDARD = gnu99;
				GCC_DYNAMIC_NO_PIC = NO;
				GCC_OPTIMIZATION_LEVEL = 0;
				GCC_PREPROCESSOR_DEFINITIONS = (
					"DEBUG=1",
					"$(inherited)",
				);
				GCC_SYMBOLS_PRIVATE_EXTERN = NO;
				GCC_WARN_64_TO_32_BIT_CONVERSION = YES;
				GCC_WARN_ABOUT_RETURN_TYPE = YES_ERROR;
				GCC_WARN_UNDECLARED_SELECTOR = YES;
				GCC_WARN_UNINITIALIZED_AUTOS = YES_AGGRESSIVE;
				GCC_WARN_UNUSED_FUNCTION = YES;
				GCC_WARN_UNUSED_VARIABLE = YES;
				IPHONEOS_DEPLOYMENT_TARGET = 7.1;
				ONLY_ACTIVE_ARCH = YES;
				SDKROOT = iphoneos;
				TARGETED_DEVICE_FAMILY = "1,2";
			};
			name = Debug;
		};
		BEB92A9F19B8A3DC00FEEEF7 /* Release */ = {
			isa = XCBuildConfiguration;
			buildSettings = {
				ALWAYS_SEARCH_USER_PATHS = NO;
				CLANG_CXX_LANGUAGE_STANDARD = "gnu++0x";
				CLANG_CXX_LIBRARY = "libc++";
				CLANG_ENABLE_MODULES = YES;
				CLANG_ENABLE_OBJC_ARC = YES;
				CLANG_WARN_BOOL_CONVERSION = YES;
				CLANG_WARN_CONSTANT_CONVERSION = YES;
				CLANG_WARN_DIRECT_OBJC_ISA_USAGE = YES_ERROR;
				CLANG_WARN_EMPTY_BODY = YES;
				CLANG_WARN_ENUM_CONVERSION = YES;
				CLANG_WARN_INT_CONVERSION = YES;
				CLANG_WARN_OBJC_ROOT_CLASS = YES_ERROR;
				CLANG_WARN__DUPLICATE_METHOD_MATCH = YES;
				"CODE_SIGN_IDENTITY[sdk=iphoneos*]" = "iPhone Developer";
				COPY_PHASE_STRIP = YES;
				ENABLE_NS_ASSERTIONS = NO;
				GCC_C_LANGUAGE_STANDARD = gnu99;
				GCC_WARN_64_TO_32_BIT_CONVERSION = YES;
				GCC_WARN_ABOUT_RETURN_TYPE = YES_ERROR;
				GCC_WARN_UNDECLARED_SELECTOR = YES;
				GCC_WARN_UNINITIALIZED_AUTOS = YES_AGGRESSIVE;
				GCC_WARN_UNUSED_FUNCTION = YES;
				GCC_WARN_UNUSED_VARIABLE = YES;
				IPHONEOS_DEPLOYMENT_TARGET = 7.1;
				SDKROOT = iphoneos;
				TARGETED_DEVICE_FAMILY = "1,2";
				VALIDATE_PRODUCT = YES;
			};
			name = Release;
		};
		BEB92AA119B8A3DC00FEEEF7 /* Debug */ = {
			isa = XCBuildConfiguration;
			buildSettings = {
				ASSETCATALOG_COMPILER_APPICON_NAME = AppIcon;
				ASSETCATALOG_COMPILER_LAUNCHIMAGE_NAME = LaunchImage;
				GCC_PRECOMPILE_PREFIX_HEADER = YES;
				GCC_PREFIX_HEADER = "UINavigationControllerDemo/UINavigationControllerDemo-Prefix.pch";
				INFOPLIST_FILE = "UINavigationControllerDemo/UINavigationControllerDemo-Info.plist";
				PRODUCT_NAME = "$(TARGET_NAME)";
				WRAPPER_EXTENSION = app;
			};
			name = Debug;
		};
		BEB92AA219B8A3DC00FEEEF7 /* Release */ = {
			isa = XCBuildConfiguration;
			buildSettings = {
				ASSETCATALOG_COMPILER_APPICON_NAME = AppIcon;
				ASSETCATALOG_COMPILER_LAUNCHIMAGE_NAME = LaunchImage;
				GCC_PRECOMPILE_PREFIX_HEADER = YES;
				GCC_PREFIX_HEADER = "UINavigationControllerDemo/UINavigationControllerDemo-Prefix.pch";
				INFOPLIST_FILE = "UINavigationControllerDemo/UINavigationControllerDemo-Info.plist";
				PRODUCT_NAME = "$(TARGET_NAME)";
				WRAPPER_EXTENSION = app;
			};
			name = Release;
		};
		BEB92AA419B8A3DC00FEEEF7 /* Debug */ = {
			isa = XCBuildConfiguration;
			buildSettings = {
				BUNDLE_LOADER = "$(BUILT_PRODUCTS_DIR)/UINavigationControllerDemo.app/UINavigationControllerDemo";
				FRAMEWORK_SEARCH_PATHS = (
					"$(SDKROOT)/Developer/Library/Frameworks",
					"$(inherited)",
					"$(DEVELOPER_FRAMEWORKS_DIR)",
				);
				GCC_PRECOMPILE_PREFIX_HEADER = YES;
				GCC_PREFIX_HEADER = "UINavigationControllerDemo/UINavigationControllerDemo-Prefix.pch";
				GCC_PREPROCESSOR_DEFINITIONS = (
					"DEBUG=1",
					"$(inherited)",
				);
				INFOPLIST_FILE = "UINavigationControllerDemoTests/UINavigationControllerDemoTests-Info.plist";
				PRODUCT_NAME = "$(TARGET_NAME)";
				TEST_HOST = "$(BUNDLE_LOADER)";
				WRAPPER_EXTENSION = xctest;
			};
			name = Debug;
		};
		BEB92AA519B8A3DC00FEEEF7 /* Release */ = {
			isa = XCBuildConfiguration;
			buildSettings = {
				BUNDLE_LOADER = "$(BUILT_PRODUCTS_DIR)/UINavigationControllerDemo.app/UINavigationControllerDemo";
				FRAMEWORK_SEARCH_PATHS = (
					"$(SDKROOT)/Developer/Library/Frameworks",
					"$(inherited)",
					"$(DEVELOPER_FRAMEWORKS_DIR)",
				);
				GCC_PRECOMPILE_PREFIX_HEADER = YES;
				GCC_PREFIX_HEADER = "UINavigationControllerDemo/UINavigationControllerDemo-Prefix.pch";
				INFOPLIST_FILE = "UINavigationControllerDemoTests/UINavigationControllerDemoTests-Info.plist";
				PRODUCT_NAME = "$(TARGET_NAME)";
				TEST_HOST = "$(BUNDLE_LOADER)";
				WRAPPER_EXTENSION = xctest;
			};
			name = Release;
		};
/* End XCBuildConfiguration section */

/* Begin XCConfigurationList section */
		BEB92A6F19B8A3DC00FEEEF7 /* Build configuration list for PBXProject "UINavigationControllerDemo" */ = {
			isa = XCConfigurationList;
			buildConfigurations = (
				BEB92A9E19B8A3DC00FEEEF7 /* Debug */,
				BEB92A9F19B8A3DC00FEEEF7 /* Release */,
			);
			defaultConfigurationIsVisible = 0;
			defaultConfigurationName = Release;
		};
		BEB92AA019B8A3DC00FEEEF7 /* Build configuration list for PBXNativeTarget "UINavigationControllerDemo" */ = {
			isa = XCConfigurationList;
			buildConfigurations = (
				BEB92AA119B8A3DC00FEEEF7 /* Debug */,
				BEB92AA219B8A3DC00FEEEF7 /* Release */,
			);
			defaultConfigurationIsVisible = 0;
		};
		BEB92AA319B8A3DC00FEEEF7 /* Build configuration list for PBXNativeTarget "UINavigationControllerDemoTests" */ = {
			isa = XCConfigurationList;
			buildConfigurations = (
				BEB92AA419B8A3DC00FEEEF7 /* Debug */,
				BEB92AA519B8A3DC00FEEEF7 /* Release */,
			);
			defaultConfigurationIsVisible = 0;
		};
/* End XCConfigurationList section */
	};
	rootObject = BEB92A6C19B8A3DC00FEEEF7 /* Project object */;
}
